// !$*UTF8*$!
{
	archiveVersion = 1;
	classes = {
	};
	objectVersion = 50;
	objects = {

/* Begin PBXBuildFile section */
		7822D01622FE9263007BB9D2 /* LikedListTableViewController.swift in Sources */ = {isa = PBXBuildFile; fileRef = 7822D01522FE9263007BB9D2 /* LikedListTableViewController.swift */; };
		786F262122FE43B900A9B709 /* AppDelegate.swift in Sources */ = {isa = PBXBuildFile; fileRef = 786F262022FE43B900A9B709 /* AppDelegate.swift */; };
		786F262322FE43B900A9B709 /* ViewController.swift in Sources */ = {isa = PBXBuildFile; fileRef = 786F262222FE43B900A9B709 /* ViewController.swift */; };
		786F262622FE43B900A9B709 /* Main.storyboard in Resources */ = {isa = PBXBuildFile; fileRef = 786F262422FE43B900A9B709 /* Main.storyboard */; };
		786F262822FE43BC00A9B709 /* Assets.xcassets in Resources */ = {isa = PBXBuildFile; fileRef = 786F262722FE43BC00A9B709 /* Assets.xcassets */; };
		786F262B22FE43BC00A9B709 /* LaunchScreen.storyboard in Resources */ = {isa = PBXBuildFile; fileRef = 786F262922FE43BC00A9B709 /* LaunchScreen.storyboard */; };
/* End PBXBuildFile section */

/* Begin PBXFileReference section */
		7822D01522FE9263007BB9D2 /* LikedListTableViewController.swift */ = {isa = PBXFileReference; lastKnownFileType = sourcecode.swift; path = LikedListTableViewController.swift; sourceTree = "<group>"; };
		786F261D22FE43B900A9B709 /* CardSwipeApp.app */ = {isa = PBXFileReference; explicitFileType = wrapper.application; includeInIndex = 0; path = CardSwipeApp.app; sourceTree = BUILT_PRODUCTS_DIR; };
		786F262022FE43B900A9B709 /* AppDelegate.swift */ = {isa = PBXFileReference; lastKnownFileType = sourcecode.swift; path = AppDelegate.swift; sourceTree = "<group>"; };
		786F262222FE43B900A9B709 /* ViewController.swift */ = {isa = PBXFileReference; lastKnownFileType = sourcecode.swift; path = ViewController.swift; sourceTree = "<group>"; };
		786F262522FE43B900A9B709 /* Base */ = {isa = PBXFileReference; lastKnownFileType = file.storyboard; name = Base; path = Base.lproj/Main.storyboard; sourceTree = "<group>"; };
		786F262722FE43BC00A9B709 /* Assets.xcassets */ = {isa = PBXFileReference; lastKnownFileType = folder.assetcatalog; path = Assets.xcassets; sourceTree = "<group>"; };
		786F262A22FE43BC00A9B709 /* Base */ = {isa = PBXFileReference; lastKnownFileType = file.storyboard; name = Base; path = Base.lproj/LaunchScreen.storyboard; sourceTree = "<group>"; };
		786F262C22FE43BC00A9B709 /* Info.plist */ = {isa = PBXFileReference; lastKnownFileType = text.plist.xml; path = Info.plist; sourceTree = "<group>"; };
/* End PBXFileReference section */

/* Begin PBXFrameworksBuildPhase section */
		786F261A22FE43B900A9B709 /* Frameworks */ = {
			isa = PBXFrameworksBuildPhase;
			buildActionMask = 2147483647;
			files = (
			);
			runOnlyForDeploymentPostprocessing = 0;
		};
/* End PBXFrameworksBuildPhase section */

/* Begin PBXGroup section */
		786F261422FE43B900A9B709 = {
			isa = PBXGroup;
			children = (
				786F261F22FE43B900A9B709 /* CardSwipeApp */,
				786F261E22FE43B900A9B709 /* Products */,
			);
			sourceTree = "<group>";
		};
		786F261E22FE43B900A9B709 /* Products */ = {
			isa = PBXGroup;
			children = (
				786F261D22FE43B900A9B709 /* CardSwipeApp.app */,
			);
			name = Products;
			sourceTree = "<group>";
		};
		786F261F22FE43B900A9B709 /* CardSwipeApp */ = {
			isa = PBXGroup;
			children = (
				786F262022FE43B900A9B709 /* AppDelegate.swift */,
				786F262222FE43B900A9B709 /* ViewController.swift */,
				7822D01522FE9263007BB9D2 /* LikedListTableViewController.swift */,
				786F262422FE43B900A9B709 /* Main.storyboard */,
				786F262722FE43BC00A9B709 /* Assets.xcassets */,
				786F262922FE43BC00A9B709 /* LaunchScreen.storyboard */,
				786F262C22FE43BC00A9B709 /* Info.plist */,
			);
			path = CardSwipeApp;
			sourceTree = "<group>";
		};
/* End PBXGroup section */

/* Begin PBXNativeTarget section */
		786F261C22FE43B900A9B709 /* CardSwipeApp */ = {
			isa = PBXNativeTarget;
			buildConfigurationList = 786F262F22FE43BC00A9B709 /* Build configuration list for PBXNativeTarget "CardSwipeApp" */;
			buildPhases = (
				786F261922FE43B900A9B709 /* Sources */,
				786F261A22FE43B900A9B709 /* Frameworks */,
				786F261B22FE43B900A9B709 /* Resources */,
			);
			buildRules = (
			);
			dependencies = (
			);
			name = CardSwipeApp;
			productName = CardSwipeApp;
			productReference = 786F261D22FE43B900A9B709 /* CardSwipeApp.app */;
			productType = "com.apple.product-type.application";
		};
/* End PBXNativeTarget section */

/* Begin PBXProject section */
		786F261522FE43B900A9B709 /* Project object */ = {
			isa = PBXProject;
			attributes = {
				LastSwiftUpdateCheck = 1030;
				LastUpgradeCheck = 1030;
				ORGANIZATIONNAME = icannot.t.n;
				TargetAttributes = {
					786F261C22FE43B900A9B709 = {
						CreatedOnToolsVersion = 10.3;
					};
				};
			};
			buildConfigurationList = 786F261822FE43B900A9B709 /* Build configuration list for PBXProject "CardSwipeApp" */;
			compatibilityVersion = "Xcode 9.3";
			developmentRegion = en;
			hasScannedForEncodings = 0;
			knownRegions = (
				en,
				Base,
			);
			mainGroup = 786F261422FE43B900A9B709;
			productRefGroup = 786F261E22FE43B900A9B709 /* Products */;
			projectDirPath = "";
			projectRoot = "";
			targets = (
				786F261C22FE43B900A9B709 /* CardSwipeApp */,
			);
		};
/* End PBXProject section */

/* Begin PBXResourcesBuildPhase section */
		786F261B22FE43B900A9B709 /* Resources */ = {
			isa = PBXResourcesBuildPhase;
			buildActionMask = 2147483647;
			files = (
				786F262B22FE43BC00A9B709 /* LaunchScreen.storyboard in Resources */,
				786F262822FE43BC00A9B709 /* Assets.xcassets in Resources */,
				786F262622FE43B900A9B709 /* Main.storyboard in Resources */,
			);
			runOnlyForDeploymentPostprocessing = 0;
		};
/* End PBXResourcesBuildPhase section */

/* Begin PBXSourcesBuildPhase section */
		786F261922FE43B900A9B709 /* Sources */ = {
			isa = PBXSourcesBuildPhase;
			buildActionMask = 2147483647;
			files = (
				7822D01622FE9263007BB9D2 /* LikedListTableViewController.swift in Sources */,
				786F262322FE43B900A9B709 /* ViewController.swift in Sources */,
				786F262122FE43B900A9B709 /* AppDelegate.swift in Sources */,
			);
			runOnlyForDeploymentPostprocessing = 0;
		};
/* End PBXSourcesBuildPhase section */

/* Begin PBXVariantGroup section */
		786F262422FE43B900A9B709 /* Main.storyboard */ = {
			isa = PBXVariantGroup;
			children = (
				786F262522FE43B900A9B709 /* Base */,
			);
			name = Main.storyboard;
			sourceTree = "<group>";
		};
		786F262922FE43BC00A9B709 /* LaunchScreen.storyboard */ = {
			isa = PBXVariantGroup;
			children = (
				786F262A22FE43BC00A9B709 /* Base */,
			);
			name = LaunchScreen.storyboard;
			sourceTree = "<group>";
		};
/* End PBXVariantGroup section */

/* Begin XCBuildConfiguration section */
		786F262D22FE43BC00A9B709 /* Debug */ = {
			isa = XCBuildConfiguration;
			buildSettings = {
				ALWAYS_SEARCH_USER_PATHS = NO;
				CLANG_ANALYZER_NONNULL = YES;
				CLANG_ANALYZER_NUMBER_OBJECT_CONVERSION = YES_AGGRESSIVE;
				CLANG_CXX_LANGUAGE_STANDARD = "gnu++14";
				CLANG_CXX_LIBRARY = "libc++";
				CLANG_ENABLE_MODULES = YES;
				CLANG_ENABLE_OBJC_ARC = YES;
				CLANG_ENABLE_OBJC_WEAK = YES;
				CLANG_WARN_BLOCK_CAPTURE_AUTORELEASING = YES;
				CLANG_WARN_BOOL_CONVERSION = YES;
				CLANG_WARN_COMMA = YES;
				CLANG_WARN_CONSTANT_CONVERSION = YES;
				CLANG_WARN_DEPRECATED_OBJC_IMPLEMENTATIONS = YES;
				CLANG_WARN_DIRECT_OBJC_ISA_USAGE = YES_ERROR;
				CLANG_WARN_DOCUMENTATION_COMMENTS = YES;
				CLANG_WARN_EMPTY_BODY = YES;
				CLANG_WARN_ENUM_CONVERSION = YES;
				CLANG_WARN_INFINITE_RECURSION = YES;
				CLANG_WARN_INT_CONVERSION = YES;
				CLANG_WARN_NON_LITERAL_NULL_CONVERSION = YES;
				CLANG_WARN_OBJC_IMPLICIT_RETAIN_SELF = YES;
				CLANG_WARN_OBJC_LITERAL_CONVERSION = YES;
				CLANG_WARN_OBJC_ROOT_CLASS = YES_ERROR;
				CLANG_WARN_RANGE_LOOP_ANALYSIS = YES;
				CLANG_WARN_STRICT_PROTOTYPES = YES;
				CLANG_WARN_SUSPICIOUS_MOVE = YES;
				CLANG_WARN_UNGUARDED_AVAILABILITY = YES_AGGRESSIVE;
				CLANG_WARN_UNREACHABLE_CODE = YES;
				CLANG_WARN__DUPLICATE_METHOD_MATCH = YES;
				CODE_SIGN_IDENTITY = "iPhone Developer";
				COPY_PHASE_STRIP = NO;
				DEBUG_INFORMATION_FORMAT = dwarf;
				ENABLE_STRICT_OBJC_MSGSEND = YES;
				ENABLE_TESTABILITY = YES;
				GCC_C_LANGUAGE_STANDARD = gnu11;
				GCC_DYNAMIC_NO_PIC = NO;
				GCC_NO_COMMON_BLOCKS = YES;
				GCC_OPTIMIZATION_LEVEL = 0;
				GCC_PREPROCESSOR_DEFINITIONS = (
					"DEBUG=1",
					"$(inherited)",
				);
				GCC_WARN_64_TO_32_BIT_CONVERSION = YES;
				GCC_WARN_ABOUT_RETURN_TYPE = YES_ERROR;
				GCC_WARN_UNDECLARED_SELECTOR = YES;
				GCC_WARN_UNINITIALIZED_AUTOS = YES_AGGRESSIVE;
				GCC_WARN_UNUSED_FUNCTION = YES;
				GCC_WARN_UNUSED_VARIABLE = YES;
				IPHONEOS_DEPLOYMENT_TARGET = 12.4;
				MTL_ENABLE_DEBUG_INFO = INCLUDE_SOURCE;
				MTL_FAST_MATH = YES;
				ONLY_ACTIVE_ARCH = YES;
				SDKROOT = iphoneos;
				SWIFT_ACTIVE_COMPILATION_CONDITIONS = DEBUG;
				SWIFT_OPTIMIZATION_LEVEL = "-Onone";
			};
			name = Debug;
		};
		786F262E22FE43BC00A9B709 /* Release */ = {
			isa = XCBuildConfiguration;
			buildSettings = {
				ALWAYS_SEARCH_USER_PATHS = NO;
				CLANG_ANALYZER_NONNULL = YES;
				CLANG_ANALYZER_NUMBER_OBJECT_CONVERSION = YES_AGGRESSIVE;
				CLANG_CXX_LANGUAGE_STANDARD = "gnu++14";
				CLANG_CXX_LIBRARY = "libc++";
				CLANG_ENABLE_MODULES = YES;
				CLANG_ENABLE_OBJC_ARC = YES;
				CLANG_ENABLE_OBJC_WEAK = YES;
				CLANG_WARN_BLOCK_CAPTURE_AUTORELEASING = YES;
				CLANG_WARN_BOOL_CONVERSION = YES;
				CLANG_WARN_COMMA = YES;
				CLANG_WARN_CONSTANT_CONVERSION = YES;
				CLANG_WARN_DEPRECATED_OBJC_IMPLEMENTATIONS = YES;
				CLANG_WARN_DIRECT_OBJC_ISA_USAGE = YES_ERROR;
				CLANG_WARN_DOCUMENTATION_COMMENTS = YES;
				CLANG_WARN_EMPTY_BODY = YES;
				CLANG_WARN_ENUM_CONVERSION = YES;
				CLANG_WARN_INFINITE_RECURSION = YES;
				CLANG_WARN_INT_CONVERSION = YES;
				CLANG_WARN_NON_LITERAL_NULL_CONVERSION = YES;
				CLANG_WARN_OBJC_IMPLICIT_RETAIN_SELF = YES;
				CLANG_WARN_OBJC_LITERAL_CONVERSION = YES;
				CLANG_WARN_OBJC_ROOT_CLASS = YES_ERROR;
				CLANG_WARN_RANGE_LOOP_ANALYSIS = YES;
				CLANG_WARN_STRICT_PROTOTYPES = YES;
				CLANG_WARN_SUSPICIOUS_MOVE = YES;
				CLANG_WARN_UNGUARDED_AVAILABILITY = YES_AGGRESSIVE;
				CLANG_WARN_UNREACHABLE_CODE = YES;
				CLANG_WARN__DUPLICATE_METHOD_MATCH = YES;
				CODE_SIGN_IDENTITY = "iPhone Developer";
				COPY_PHASE_STRIP = NO;
				DEBUG_INFORMATION_FORMAT = "dwarf-with-dsym";
				ENABLE_NS_ASSERTIONS = NO;
				ENABLE_STRICT_OBJC_MSGSEND = YES;
				GCC_C_LANGUAGE_STANDARD = gnu11;
				GCC_NO_COMMON_BLOCKS = YES;
				GCC_WARN_64_TO_32_BIT_CONVERSION = YES;
				GCC_WARN_ABOUT_RETURN_TYPE = YES_ERROR;
				GCC_WARN_UNDECLARED_SELECTOR = YES;
				GCC_WARN_UNINITIALIZED_AUTOS = YES_AGGRESSIVE;
				GCC_WARN_UNUSED_FUNCTION = YES;
				GCC_WARN_UNUSED_VARIABLE = YES;
				IPHONEOS_DEPLOYMENT_TARGET = 12.4;
				MTL_ENABLE_DEBUG_INFO = NO;
				MTL_FAST_MATH = YES;
				SDKROOT = iphoneos;
				SWIFT_COMPILATION_MODE = wholemodule;
				SWIFT_OPTIMIZATION_LEVEL = "-O";
				VALIDATE_PRODUCT = YES;
			};
			name = Release;
		};
		786F263022FE43BC00A9B709 /* Debug */ = {
			isa = XCBuildConfiguration;
			buildSettings = {
				ASSETCATALOG_COMPILER_APPICON_NAME = AppIcon;
				CODE_SIGN_STYLE = Automatic;
				INFOPLIST_FILE = CardSwipeApp/Info.plist;
				LD_RUNPATH_SEARCH_PATHS = (
					"$(inherited)",
					"@executable_path/Frameworks",
				);
				PRODUCT_BUNDLE_IDENTIFIER = com.icannot.t.n.CardSwipeApp;
				PRODUCT_NAME = "$(TARGET_NAME)";
				SWIFT_VERSION = 5.0;
				TARGETED_DEVICE_FAMILY = "1,2";
			};
			name = Debug;
		};
		786F263122FE43BC00A9B709 /* Release */ = {
			isa = XCBuildConfiguration;
			buildSettings = {
				ASSETCATALOG_COMPILER_APPICON_NAME = AppIcon;
				CODE_SIGN_STYLE = Automatic;
				INFOPLIST_FILE = CardSwipeApp/Info.plist;
				LD_RUNPATH_SEARCH_PATHS = (
					"$(inherited)",
					"@executable_path/Frameworks",
				);
				PRODUCT_BUNDLE_IDENTIFIER = com.icannot.t.n.CardSwipeApp;
				PRODUCT_NAME = "$(TARGET_NAME)";
				SWIFT_VERSION = 5.0;
				TARGETED_DEVICE_FAMILY = "1,2";
			};
			name = Release;
		};
/* End XCBuildConfiguration section */

/* Begin XCConfigurationList section */
		786F261822FE43B900A9B709 /* Build configuration list for PBXProject "CardSwipeApp" */ = {
			isa = XCConfigurationList;
			buildConfigurations = (
				786F262D22FE43BC00A9B709 /* Debug */,
				786F262E22FE43BC00A9B709 /* Release */,
			);
			defaultConfigurationIsVisible = 0;
			defaultConfigurationName = Release;
		};
		786F262F22FE43BC00A9B709 /* Build configuration list for PBXNativeTarget "CardSwipeApp" */ = {
			isa = XCConfigurationList;
			buildConfigurations = (
				786F263022FE43BC00A9B709 /* Debug */,
				786F263122FE43BC00A9B709 /* Release */,
			);
			defaultConfigurationIsVisible = 0;
			defaultConfigurationName = Release;
		};
/* End XCConfigurationList section */
	};
	rootObject = 786F261522FE43B900A9B709 /* Project object */;
}
